<?xml version="1.0" encoding="utf-8"?>
<Project ToolsVersion="4.0" xmlns="http://schemas.microsoft.com/developer/msbuild/2003">
  <ItemGroup>
    <Filter Include="源文件">
      <UniqueIdentifier>{4FC737F1-C7A5-4376-A066-2A32D752A2FF}</UniqueIdentifier>
      <Extensions>cpp;c;cc;cxx;def;odl;idl;hpj;bat;asm;asmx</Extensions>
    </Filter>
    <Filter Include="头文件">
      <UniqueIdentifier>{93995380-89BD-4b04-88EB-625FBE52EBFB}</UniqueIdentifier>
      <Extensions>h;hpp;hxx;hm;inl;inc;xsd</Extensions>
    </Filter>
    <Filter Include="资源文件">
      <UniqueIdentifier>{67DA6AB6-F800-4c08-8B7A-83BB121AAD01}</UniqueIdentifier>
      <Extensions>rc;ico;cur;bmp;dlg;rc2;rct;bin;rgs;gif;jpg;jpeg;jpe;resx;tiff;tif;png;wav;mfcribbon-ms</Extensions>
    </Filter>
    <Filter Include="layout">
      <UniqueIdentifier>{7dc0cfbc-e78b-48d3-925f-d3f959acc8d4}</UniqueIdentifier>
    </Filter>
    <Filter Include="config">
      <UniqueIdentifier>{8e5774fd-f6d6-4214-bae2-3cefd53794fe}</UniqueIdentifier>
    </Filter>
  </ItemGroup>
  <ItemGroup>
    <ClInclude Include="..\..\update\DeComp.h">
      <Filter>头文件</Filter>
    </ClInclude>
    <ClInclude Include="..\..\update\EC_HttpGet.h">
      <Filter>头文件</Filter>
    </ClInclude>
    <ClInclude Include="..\..\update\Env.h">
      <Filter>头文件</Filter>
    </ClInclude>
    <ClInclude Include="..\..\update\ShortCut.h">
      <Filter>头文件</Filter>
    </ClInclude>
    <ClInclude Include="..\..\update\skinloader.h">
      <Filter>头文件</Filter>
    </ClInclude>
    <ClInclude Include="..\..\update\stdafx.h">
      <Filter>头文件</Filter>
    </ClInclude>
    <ClInclude Include="..\..\update\updatedlg.h">
      <Filter>头文件</Filter>
    </ClInclude>
    <ClInclude Include="..\..\update\xlayout.h">
      <Filter>头文件</Filter>
    </ClInclude>
    <ClInclude Include="resource.h">
      <Filter>头文件</Filter>
    </ClInclude>
    <ClInclude Include="..\..\update\CLFile.h">
      <Filter>头文件</Filter>
    </ClInclude>
    <ClInclude Include="..\..\update\ClUpdater.h">
      <Filter>头文件</Filter>
    </ClInclude>
    <ClInclude Include="..\..\update\download_service.h">
      <Filter>头文件</Filter>
    </ClInclude>
    <ClInclude Include="..\..\update\HiddenWnd.h">
      <Filter>头文件</Filter>
    </ClInclude>
    <ClInclude Include="..\..\update\Log.h">
      <Filter>头文件</Filter>
    </ClInclude>
    <ClInclude Include="..\..\update\md5.h">
      <Filter>头文件</Filter>
    </ClInclude>
    <ClInclude Include="..\..\update\rc4.h">
      <Filter>头文件</Filter>
    </ClInclude>
    <ClInclude Include="..\..\update\StringHelper.h">
      <Filter>头文件</Filter>
    </ClInclude>
    <ClInclude Include="..\..\third\common\Markup.h">
      <Filter>头文件</Filter>
    </ClInclude>
    <ClInclude Include="..\..\third\common\LayoutEncrypt.h">
      <Filter>头文件</Filter>
    </ClInclude>
    <ClInclude Include="..\..\third\gui\ctrl\Progress.h">
      <Filter>头文件</Filter>
    </ClInclude>
    <ClInclude Include="..\..\main\common\Config.h">
      <Filter>config</Filter>
    </ClInclude>
    <ClInclude Include="..\..\main\common\lang.h">
      <Filter>头文件</Filter>
    </ClInclude>
  </ItemGroup>
  <ItemGroup>
    <ResourceCompile Include="liveupdate.rc">
      <Filter>资源文件</Filter>
    </ResourceCompile>
  </ItemGroup>
  <ItemGroup>
    <None Include="res\xlayoutappbig.ico">
      <Filter>资源文件</Filter>
    </None>
    <None Include="res\layout\update.xml">
      <Filter>layout</Filter>
    </None>
  </ItemGroup>
  <ItemGroup>
    <ClCompile Include="..\..\update\CLFile.cpp">
      <Filter>源文件</Filter>
    </ClCompile>
    <ClCompile Include="..\..\update\ClUpdater.cpp">
      <Filter>源文件</Filter>
    </ClCompile>
    <ClCompile Include="..\..\update\DeComp.cpp">
      <Filter>源文件</Filter>
    </ClCompile>
    <ClCompile Include="..\..\update\download_service.cpp">
      <Filter>源文件</Filter>
    </ClCompile>
    <ClCompile Include="..\..\update\EC_HttpGet.cpp">
      <Filter>源文件</Filter>
    </ClCompile>
    <ClCompile Include="..\..\update\Env.cpp">
      <Filter>源文件</Filter>
    </ClCompile>
    <ClCompile Include="..\..\update\HiddenWnd.cpp">
      <Filter>源文件</Filter>
    </ClCompile>
    <ClCompile Include="..\..\update\Log.cpp">
      <Filter>源文件</Filter>
    </ClCompile>
    <ClCompile Include="..\..\update\main.cpp">
      <Filter>源文件</Filter>
    </ClCompile>
    <ClCompile Include="..\..\update\md5.cpp">
      <Filter>源文件</Filter>
    </ClCompile>
    <ClCompile Include="..\..\update\rc4.cpp">
      <Filter>源文件</Filter>
    </ClCompile>
    <ClCompile Include="..\..\update\ShortCut.cpp">
      <Filter>源文件</Filter>
    </ClCompile>
    <ClCompile Include="..\..\update\stdafx.cpp">
      <Filter>源文件</Filter>
    </ClCompile>
    <ClCompile Include="..\..\update\StringHelper.cpp">
      <Filter>源文件</Filter>
    </ClCompile>
    <ClCompile Include="..\..\update\updatedlg.cpp">
      <Filter>源文件</Filter>
    </ClCompile>
    <ClCompile Include="..\..\third\common\Markup.cpp">
      <Filter>源文件</Filter>
    </ClCompile>
    <ClCompile Include="..\..\third\common\LayoutEncrypt.cpp">
      <Filter>源文件</Filter>
    </ClCompile>
    <ClCompile Include="..\..\third\gui\ctrl\Progress.cpp">
      <Filter>源文件</Filter>
    </ClCompile>
    <ClCompile Include="..\..\main\common\Config.cpp">
      <Filter>config</Filter>
    </ClCompile>
    <ClCompile Include="..\..\main\common\lang.cpp">
      <Filter>源文件</Filter>
    </ClCompile>
  </ItemGroup>
</Project>