<?xml version="1.0" encoding="utf-8"?>
<Project ToolsVersion="4.0" xmlns="http://schemas.microsoft.com/developer/msbuild/2003">
  <ItemGroup>
    <Filter Include="头文件">
      <UniqueIdentifier>{93995380-89BD-4b04-88EB-625FBE52EBFB}</UniqueIdentifier>
      <Extensions>h;hpp;hxx;hm;inl;inc;xsd</Extensions>
    </Filter>
    <Filter Include="资源文件">
      <UniqueIdentifier>{67DA6AB6-F800-4c08-8B7A-83BB121AAD01}</UniqueIdentifier>
      <Extensions>rc;ico;cur;bmp;dlg;rc2;rct;bin;rgs;gif;jpg;jpeg;jpe;resx;tiff;tif;png;wav</Extensions>
    </Filter>
    <Filter Include="amcap">
      <UniqueIdentifier>{a8de3b64-9f0e-4fbd-a49c-bbf844780281}</UniqueIdentifier>
    </Filter>
    <Filter Include="源文件">
      <UniqueIdentifier>{4FC737F1-C7A5-4376-A066-2A32D752A2FF}</UniqueIdentifier>
      <Extensions>cpp;c;cc;cxx;def;odl;idl;hpj;bat;asm;asmx</Extensions>
    </Filter>
  </ItemGroup>
  <ItemGroup>
    <ClCompile Include="src\aacencoder.cpp">
      <Filter>源文件</Filter>
    </ClCompile>
    <ClCompile Include="src\CaptureVideo.cpp">
      <Filter>源文件</Filter>
    </ClCompile>
    <ClCompile Include="src\datautils.cpp">
      <Filter>源文件</Filter>
    </ClCompile>
    <ClCompile Include="src\h264encoder.cpp">
      <Filter>源文件</Filter>
    </ClCompile>
    <ClCompile Include="src\PublishInterface.cpp">
      <Filter>源文件</Filter>
    </ClCompile>
    <ClCompile Include="src\RtmpPublish.cpp">
      <Filter>源文件</Filter>
    </ClCompile>
    <ClCompile Include="src\SourAudio.cpp">
      <Filter>源文件</Filter>
    </ClCompile>
    <ClCompile Include="src\SourCamera.cpp">
      <Filter>源文件</Filter>
    </ClCompile>
    <ClCompile Include="src\SourScreen.cpp">
      <Filter>源文件</Filter>
    </ClCompile>
    <ClCompile Include="stdafx.cpp">
      <Filter>源文件</Filter>
    </ClCompile>
    <ClCompile Include="src\TimeUtils.cpp">
      <Filter>源文件</Filter>
    </ClCompile>
    <ClCompile Include="amcap\amcap.cpp">
      <Filter>amcap</Filter>
    </ClCompile>
    <ClCompile Include="amcap\crossbar.cpp">
      <Filter>amcap</Filter>
    </ClCompile>
    <ClCompile Include="amcap\SampleCGB.cpp">
      <Filter>amcap</Filter>
    </ClCompile>
    <ClCompile Include="src\sc_CSLock.cpp">
      <Filter>源文件</Filter>
    </ClCompile>
    <ClCompile Include="src\SourFile.cpp">
      <Filter>源文件</Filter>
    </ClCompile>
    <ClCompile Include="src\sc_Thread.cpp">
      <Filter>源文件</Filter>
    </ClCompile>
    <ClCompile Include="src\sc_Cond.cpp">
      <Filter>源文件</Filter>
    </ClCompile>
    <ClCompile Include="src\FlvFileOperate.cpp">
      <Filter>源文件</Filter>
    </ClCompile>
    <ClCompile Include="src\flv_file.cpp">
      <Filter>源文件</Filter>
    </ClCompile>
    <ClCompile Include="src\SaveFile.cpp">
      <Filter>源文件</Filter>
    </ClCompile>
    <ClCompile Include="src\Mixer.cpp">
      <Filter>源文件</Filter>
    </ClCompile>
    <ClCompile Include="src\loadffmpeg.cpp">
      <Filter>源文件</Filter>
    </ClCompile>
    <ClCompile Include="src\AVE_AUDIO_RESAMPLE.cpp">
      <Filter>源文件</Filter>
    </ClCompile>
    <ClCompile Include="src\timerqueue.cpp">
      <Filter>源文件</Filter>
    </ClCompile>
    <ClCompile Include="src\CUDPClient.cpp">
      <Filter>源文件</Filter>
    </ClCompile>
    <ClCompile Include="src\InBufPacket.cpp">
      <Filter>源文件</Filter>
    </ClCompile>
    <ClCompile Include="src\OutBufPacket.cpp">
      <Filter>源文件</Filter>
    </ClCompile>
    <ClCompile Include="src\PublishUnit.cpp">
      <Filter>源文件</Filter>
    </ClCompile>
    <ClCompile Include="src\SourDataManager.cpp">
      <Filter>源文件</Filter>
    </ClCompile>
    <ClCompile Include="src\PlayAudio.cpp">
      <Filter>源文件</Filter>
    </ClCompile>
    <ClCompile Include="src\MediaConfig.cpp">
      <Filter>源文件</Filter>
    </ClCompile>
    <ClCompile Include="src\transcode.cpp">
      <Filter>源文件</Filter>
    </ClCompile>
  </ItemGroup>
  <ItemGroup>
    <ClInclude Include="include\aacencoder.h">
      <Filter>头文件</Filter>
    </ClInclude>
    <ClInclude Include="include\bufferqueue.h">
      <Filter>头文件</Filter>
    </ClInclude>
    <ClInclude Include="include\CaptureVideo.h">
      <Filter>头文件</Filter>
    </ClInclude>
    <ClInclude Include="include\datautils.h">
      <Filter>头文件</Filter>
    </ClInclude>
    <ClInclude Include="include\h264encoder.h">
      <Filter>头文件</Filter>
    </ClInclude>
    <ClInclude Include="include\PublishInterface.h">
      <Filter>头文件</Filter>
    </ClInclude>
    <ClInclude Include="include\RtmpPublish.h">
      <Filter>头文件</Filter>
    </ClInclude>
    <ClInclude Include="include\SourAudio.h">
      <Filter>头文件</Filter>
    </ClInclude>
    <ClInclude Include="include\SourCamera.h">
      <Filter>头文件</Filter>
    </ClInclude>
    <ClInclude Include="include\SourData.h">
      <Filter>头文件</Filter>
    </ClInclude>
    <ClInclude Include="include\SourScreen.h">
      <Filter>头文件</Filter>
    </ClInclude>
    <ClInclude Include="stdafx.h">
      <Filter>头文件</Filter>
    </ClInclude>
    <ClInclude Include="include\StreamHeader.h">
      <Filter>头文件</Filter>
    </ClInclude>
    <ClInclude Include="targetver.h">
      <Filter>头文件</Filter>
    </ClInclude>
    <ClInclude Include="include\TimeUtils.h">
      <Filter>头文件</Filter>
    </ClInclude>
    <ClInclude Include="amcap\amcap.h">
      <Filter>amcap</Filter>
    </ClInclude>
    <ClInclude Include="amcap\crossbar.h">
      <Filter>amcap</Filter>
    </ClInclude>
    <ClInclude Include="amcap\SampleCGB.h">
      <Filter>amcap</Filter>
    </ClInclude>
    <ClInclude Include="include\sc_CSLock.h">
      <Filter>头文件</Filter>
    </ClInclude>
    <ClInclude Include="include\SourFile.h">
      <Filter>头文件</Filter>
    </ClInclude>
    <ClInclude Include="include\CalculationInterval.h">
      <Filter>头文件</Filter>
    </ClInclude>
    <ClInclude Include="include\sc_Thread.h">
      <Filter>头文件</Filter>
    </ClInclude>
    <ClInclude Include="include\sc_Cond.h">
      <Filter>头文件</Filter>
    </ClInclude>
    <ClInclude Include="include\FlvFileOperate.h">
      <Filter>头文件</Filter>
    </ClInclude>
    <ClInclude Include="include\flv_file.h">
      <Filter>头文件</Filter>
    </ClInclude>
    <ClInclude Include="include\SaveFile.h">
      <Filter>头文件</Filter>
    </ClInclude>
    <ClInclude Include="include\PrvHeader.h">
      <Filter>头文件</Filter>
    </ClInclude>
    <ClInclude Include="include\Mixer.h">
      <Filter>头文件</Filter>
    </ClInclude>
    <ClInclude Include="include\ffmpeg_header.h">
      <Filter>头文件</Filter>
    </ClInclude>
    <ClInclude Include="include\loadffmpeg.h">
      <Filter>头文件</Filter>
    </ClInclude>
    <ClInclude Include="include\AVE_AUDIO_RESAMPLE.h">
      <Filter>头文件</Filter>
    </ClInclude>
    <ClInclude Include="include\globalconfig.h">
      <Filter>头文件</Filter>
    </ClInclude>
    <ClInclude Include="include\timerqueue.h">
      <Filter>头文件</Filter>
    </ClInclude>
    <ClInclude Include="include\PublishUnit.h">
      <Filter>头文件</Filter>
    </ClInclude>
    <ClInclude Include="include\MediaConfig.h">
      <Filter>头文件</Filter>
    </ClInclude>
  </ItemGroup>
  <ItemGroup>
    <None Include="ReadMe.txt" />
    <None Include="..\librtmp\librtmp.vcxproj">
      <Filter>资源文件</Filter>
    </None>
  </ItemGroup>
</Project>