<?xml version="1.0" encoding="utf-8"?>
<Project ToolsVersion="4.0" xmlns="http://schemas.microsoft.com/developer/msbuild/2003">
  <ItemGroup>
    <Filter Include="源文件">
      <UniqueIdentifier>{4FC737F1-C7A5-4376-A066-2A32D752A2FF}</UniqueIdentifier>
      <Extensions>cpp;c;cc;cxx;def;odl;idl;hpj;bat;asm;asmx</Extensions>
    </Filter>
    <Filter Include="头文件">
      <UniqueIdentifier>{93995380-89BD-4b04-88EB-625FBE52EBFB}</UniqueIdentifier>
      <Extensions>h;hpp;hxx;hm;inl;inc;xsd</Extensions>
    </Filter>
    <Filter Include="资源文件">
      <UniqueIdentifier>{67DA6AB6-F800-4c08-8B7A-83BB121AAD01}</UniqueIdentifier>
      <Extensions>rc;ico;cur;bmp;dlg;rc2;rct;bin;rgs;gif;jpg;jpeg;jpe;resx;tiff;tif;png;wav;mfcribbon-ms</Extensions>
    </Filter>
  </ItemGroup>
  <ItemGroup>
    <None Include="ReadMe.txt" />
  </ItemGroup>
  <ItemGroup>
    <ClInclude Include="include\MediaPlayer.h">
      <Filter>头文件</Filter>
    </ClInclude>
    <ClInclude Include="include\rtmpprocess.h">
      <Filter>头文件</Filter>
    </ClInclude>
    <ClInclude Include="stdafx.h">
      <Filter>头文件</Filter>
    </ClInclude>
    <ClInclude Include="targetver.h">
      <Filter>头文件</Filter>
    </ClInclude>
    <ClInclude Include="include\PlayProcess.h">
      <Filter>头文件</Filter>
    </ClInclude>
    <ClInclude Include="include\flvHeader.h">
      <Filter>头文件</Filter>
    </ClInclude>
    <ClInclude Include="include\PlayHeader.h">
      <Filter>头文件</Filter>
    </ClInclude>
    <ClInclude Include="include\AudioJitterBuffer.h">
      <Filter>头文件</Filter>
    </ClInclude>
    <ClInclude Include="include\VideoJitterBuffer.h">
      <Filter>头文件</Filter>
    </ClInclude>
    <ClInclude Include="include\PCMBuffer.h">
      <Filter>头文件</Filter>
    </ClInclude>
    <ClInclude Include="include\ShowVideoByDX.h">
      <Filter>头文件</Filter>
    </ClInclude>
    <ClInclude Include="include\ShowVideo.h">
      <Filter>头文件</Filter>
    </ClInclude>
    <ClInclude Include="include\ShowBGByGDI.h">
      <Filter>头文件</Filter>
    </ClInclude>
    <ClInclude Include="include\PlayAudio.h">
      <Filter>头文件</Filter>
    </ClInclude>
    <ClInclude Include="include\MediaDecode.h">
      <Filter>头文件</Filter>
    </ClInclude>
    <ClInclude Include="include\CUDPClient.h">
      <Filter>头文件</Filter>
    </ClInclude>
    <ClInclude Include="include\flv_file.h">
      <Filter>头文件</Filter>
    </ClInclude>
    <ClInclude Include="include\FlvFileOperate.h">
      <Filter>头文件</Filter>
    </ClInclude>
    <ClInclude Include="include\InBufPacket.h">
      <Filter>头文件</Filter>
    </ClInclude>
    <ClInclude Include="include\INetProcess.h">
      <Filter>头文件</Filter>
    </ClInclude>
    <ClInclude Include="include\OutBufPacket.h">
      <Filter>头文件</Filter>
    </ClInclude>
    <ClInclude Include="include\PlayFile.h">
      <Filter>头文件</Filter>
    </ClInclude>
    <ClInclude Include="include\udpprocess.h">
      <Filter>头文件</Filter>
    </ClInclude>
    <ClInclude Include="include\PlayVideoUnit.h">
      <Filter>头文件</Filter>
    </ClInclude>
    <ClInclude Include="src\MP4Encoder.h">
      <Filter>头文件</Filter>
    </ClInclude>
  </ItemGroup>
  <ItemGroup>
    <ClCompile Include="src\rtmpprocess.cpp">
      <Filter>源文件</Filter>
    </ClCompile>
    <ClCompile Include="src\MediaPlayer.cpp">
      <Filter>源文件</Filter>
    </ClCompile>
    <ClCompile Include="stdafx.cpp">
      <Filter>源文件</Filter>
    </ClCompile>
    <ClCompile Include="src\PlayProcess.cpp">
      <Filter>源文件</Filter>
    </ClCompile>
    <ClCompile Include="src\AudioJitterBuffer.cpp">
      <Filter>源文件</Filter>
    </ClCompile>
    <ClCompile Include="src\VideoJitterBuffer.cpp">
      <Filter>源文件</Filter>
    </ClCompile>
    <ClCompile Include="src\PCMBuffer.cpp">
      <Filter>源文件</Filter>
    </ClCompile>
    <ClCompile Include="src\ShowVideoByDX.cpp">
      <Filter>源文件</Filter>
    </ClCompile>
    <ClCompile Include="src\ShowBGByGDI.cpp">
      <Filter>源文件</Filter>
    </ClCompile>
    <ClCompile Include="src\PlayAudio.cpp">
      <Filter>源文件</Filter>
    </ClCompile>
    <ClCompile Include="src\MediaDecode.cpp">
      <Filter>源文件</Filter>
    </ClCompile>
    <ClCompile Include="src\Quit.cpp">
      <Filter>源文件</Filter>
    </ClCompile>
    <ClCompile Include="src\CUDPClient.cpp">
      <Filter>源文件</Filter>
    </ClCompile>
    <ClCompile Include="src\flv_file.cpp">
      <Filter>源文件</Filter>
    </ClCompile>
    <ClCompile Include="src\InBufPacket.cpp">
      <Filter>源文件</Filter>
    </ClCompile>
    <ClCompile Include="src\INetProcess.cpp">
      <Filter>源文件</Filter>
    </ClCompile>
    <ClCompile Include="src\OutBufPacket.cpp">
      <Filter>源文件</Filter>
    </ClCompile>
    <ClCompile Include="src\PlayFile.cpp">
      <Filter>源文件</Filter>
    </ClCompile>
    <ClCompile Include="src\udpprocess.cpp">
      <Filter>源文件</Filter>
    </ClCompile>
    <ClCompile Include="src\PlayVideoUnit.cpp">
      <Filter>源文件</Filter>
    </ClCompile>
    <ClCompile Include="src\MP4Encoder.cpp">
      <Filter>源文件</Filter>
    </ClCompile>
  </ItemGroup>
</Project>