<?xml version="1.0" encoding="utf-8"?>
<Project ToolsVersion="4.0" xmlns="http://schemas.microsoft.com/developer/msbuild/2003">
  <ItemGroup>
    <ClInclude Include="Resource.h" />
    <ClInclude Include="..\..\..\BugReport\BugReport\GTBugReport.h">
      <Filter>Head Files</Filter>
    </ClInclude>
    <ClInclude Include="..\..\..\BugReport\BugReport\GTBugReportDlg.h">
      <Filter>Head Files</Filter>
    </ClInclude>
    <ClInclude Include="..\..\..\BugReport\BugReport\HttpDownload.h">
      <Filter>Head Files</Filter>
    </ClInclude>
    <ClInclude Include="..\..\..\BugReport\BugReport\HttpDownloadUIInterface.h">
      <Filter>Head Files</Filter>
    </ClInclude>
    <ClInclude Include="..\..\..\BugReport\BugReport\HttpDownloadUIProxy.h">
      <Filter>Head Files</Filter>
    </ClInclude>
    <ClInclude Include="..\..\..\BugReport\BugReport\HttpUploadFile.h">
      <Filter>Head Files</Filter>
    </ClInclude>
    <ClInclude Include="..\..\..\BugReport\BugReport\StdAfx.h">
      <Filter>Head Files</Filter>
    </ClInclude>
    <ClInclude Include="..\..\..\BugReport\BugReport\Tea_Crypt.h">
      <Filter>Head Files</Filter>
    </ClInclude>
    <ClInclude Include="..\..\..\BugReport\BugReport\ThreadModel.h">
      <Filter>Head Files</Filter>
    </ClInclude>
    <ClInclude Include="..\..\..\BugReport\BugReport\WinInetUtilFunc.h">
      <Filter>Head Files</Filter>
    </ClInclude>
    <ClInclude Include="..\..\..\main\common\Config.h">
      <Filter>Config</Filter>
    </ClInclude>
  </ItemGroup>
  <ItemGroup>
    <ResourceCompile Include="BugReport.rc" />
  </ItemGroup>
  <ItemGroup>
    <None Include="res\Prompt.bmp">
      <Filter>Resource Files</Filter>
    </None>
    <None Include="res\Hander.cur">
      <Filter>Resource Files</Filter>
    </None>
    <None Include="res\GTBugReport.rc2">
      <Filter>Resource Files</Filter>
    </None>
    <None Include="res\GTBugReport.ico">
      <Filter>Resource Files</Filter>
    </None>
  </ItemGroup>
  <ItemGroup>
    <Filter Include="Head Files">
      <UniqueIdentifier>{f9b635f7-41f9-4cdf-83b5-3e64cd63f9c7}</UniqueIdentifier>
    </Filter>
    <Filter Include="Source Files">
      <UniqueIdentifier>{6aff283d-068f-4086-abb7-04f67f127c69}</UniqueIdentifier>
    </Filter>
    <Filter Include="Resource Files">
      <UniqueIdentifier>{b9686c9c-f20c-4022-b203-3bc2c6bc5d53}</UniqueIdentifier>
    </Filter>
    <Filter Include="Config">
      <UniqueIdentifier>{09091263-01e3-47f7-a3ec-052363a3e749}</UniqueIdentifier>
    </Filter>
  </ItemGroup>
  <ItemGroup>
    <ClCompile Include="..\..\..\BugReport\BugReport\GTBugReport.cpp">
      <Filter>Source Files</Filter>
    </ClCompile>
    <ClCompile Include="..\..\..\BugReport\BugReport\GTBugReportDlg.cpp">
      <Filter>Source Files</Filter>
    </ClCompile>
    <ClCompile Include="..\..\..\BugReport\BugReport\HttpDownload.cpp">
      <Filter>Source Files</Filter>
    </ClCompile>
    <ClCompile Include="..\..\..\BugReport\BugReport\HttpDownloadUIProxy.cpp">
      <Filter>Source Files</Filter>
    </ClCompile>
    <ClCompile Include="..\..\..\BugReport\BugReport\HttpUploadFile.cpp">
      <Filter>Source Files</Filter>
    </ClCompile>
    <ClCompile Include="..\..\..\BugReport\BugReport\StdAfx.cpp">
      <Filter>Source Files</Filter>
    </ClCompile>
    <ClCompile Include="..\..\..\BugReport\BugReport\Tea_Crypt.cpp">
      <Filter>Source Files</Filter>
    </ClCompile>
    <ClCompile Include="..\..\..\BugReport\BugReport\ThreadModel.cpp">
      <Filter>Source Files</Filter>
    </ClCompile>
    <ClCompile Include="..\..\..\BugReport\BugReport\WinInetUtilFunc.cpp">
      <Filter>Source Files</Filter>
    </ClCompile>
    <ClCompile Include="..\..\..\main\common\Config.cpp">
      <Filter>Config</Filter>
    </ClCompile>
  </ItemGroup>
</Project>