<?xml version="1.0" encoding="utf-8"?>
<Project ToolsVersion="4.0" xmlns="http://schemas.microsoft.com/developer/msbuild/2003">
  <ItemGroup>
    <ResourceCompile Include="BugReportDLL.rc" />
  </ItemGroup>
  <ItemGroup>
    <Filter Include="Head Files">
      <UniqueIdentifier>{1249fbc7-b9cf-424a-b68a-de3bc010e5e7}</UniqueIdentifier>
    </Filter>
    <Filter Include="Source Files">
      <UniqueIdentifier>{01c295ad-df13-4e9a-b2f5-2e753e6ec5b7}</UniqueIdentifier>
    </Filter>
    <Filter Include="Resource Files">
      <UniqueIdentifier>{f887155d-f5eb-46d0-9da2-ad4d35416320}</UniqueIdentifier>
    </Filter>
  </ItemGroup>
  <ItemGroup>
    <ClInclude Include="Resource.h">
      <Filter>Head Files</Filter>
    </ClInclude>
    <ClInclude Include="..\..\..\BugReport\BugReportDll\DbgHelp.h">
      <Filter>Head Files</Filter>
    </ClInclude>
    <ClInclude Include="..\..\..\BugReport\BugReportDll\GTBugReportDLL.h">
      <Filter>Head Files</Filter>
    </ClInclude>
    <ClInclude Include="..\..\..\BugReport\BugReportDll\GTExceptionFilter.h">
      <Filter>Head Files</Filter>
    </ClInclude>
    <ClInclude Include="..\..\..\BugReport\BugReportDll\StdAfx.h">
      <Filter>Head Files</Filter>
    </ClInclude>
    <ClInclude Include="..\..\..\BugReport\BugReportDll\md5.h">
      <Filter>Head Files</Filter>
    </ClInclude>
    <ClInclude Include="..\..\..\BugReport\BugReportDll\zip.h">
      <Filter>Head Files</Filter>
    </ClInclude>
    <ClInclude Include="..\..\..\BugReport\BugReportDll\zlib.h">
      <Filter>Head Files</Filter>
    </ClInclude>
    <ClInclude Include="..\..\..\BugReport\BugReportDll\zconf.h">
      <Filter>Head Files</Filter>
    </ClInclude>
    <ClInclude Include="..\..\..\BugReport\BugReportDll\zlibcpp.h">
      <Filter>Source Files</Filter>
    </ClInclude>
  </ItemGroup>
  <ItemGroup>
    <None Include="res\GTBugReportDLL.rc2">
      <Filter>Resource Files</Filter>
    </None>
    <None Include="..\..\..\BugReport\BugReportDll\BugReport.def" />
  </ItemGroup>
  <ItemGroup>
    <ClCompile Include="..\..\..\BugReport\BugReportDll\GTBugReportDLL.cpp">
      <Filter>Source Files</Filter>
    </ClCompile>
    <ClCompile Include="..\..\..\BugReport\BugReportDll\GTExceptionFilter.cpp">
      <Filter>Source Files</Filter>
    </ClCompile>
    <ClCompile Include="..\..\..\BugReport\BugReportDll\md5.cpp">
      <Filter>Source Files</Filter>
    </ClCompile>
    <ClCompile Include="..\..\..\BugReport\BugReportDll\StdAfx.cpp">
      <Filter>Source Files</Filter>
    </ClCompile>
    <ClCompile Include="..\..\..\BugReport\BugReportDll\zlibcpp.cpp">
      <Filter>Source Files</Filter>
    </ClCompile>
  </ItemGroup>
</Project>